{
    "name": "gbs-open-lib",
    "version": "0.0.2",
    "lockfileVersion": 3,
    "requires": true,
    "packages": {
        "": {
            "name": "gbs-open-lib",
            "version": "0.0.2",
            "license": "MIT",
            "dependencies": {
                "mitt": "^3.0.0",
                "zod": "^3.21.4"
            }
        },
        "node_modules/mitt": {
            "version": "3.0.0",
            "resolved": "https://registry.npmjs.org/mitt/-/mitt-3.0.0.tgz",
            "integrity": "sha512-7dX2/10ITVyqh4aOSVI9gdape+t9l2/8QxHrFmUXu4EEUpdlxl6RudZUPZoc+zuY2hk1j7XxVroIVIan/pD/SQ=="
        },
        "node_modules/zod": {
            "version": "3.21.4",
            "resolved": "https://registry.npmjs.org/zod/-/zod-3.21.4.tgz",
            "integrity": "sha512-m46AKbrzKVzOzs/DZgVnG5H55N1sv1M8qZU3A8RIKbs3mrACDNeIOeilDymVb2HdmP8uwshOCF4uJ8uM9rCqJw==",
            "funding": {
                "url": "https://github.com/sponsors/colinhacks"
            }
        }
    }
}
